{
  "name": "unity-toolbox",
  "version": "0.0.1",
  "lockfileVersion": 1,
  "requires": true,
  "dependencies": {
    "@types/node": {
      "version": "12.12.2",
      "resolved": "https://registry.npmjs.org/@types/node/-/node-12.12.2.tgz",
      "integrity": "sha512-Dt624lmxSFhjor3/QoBAJyqKbPgPnJETqG+eUSxOYwwq5HeHh9hel1c4YAcFmCsClMESmMqcTBbfkjWK+ytCsg==",
      "dev": true
    },
    "@types/vscode": {
      "version": "1.14.0",
      "resolved": "https://registry.npmjs.org/@types/vscode/-/vscode-1.14.0.tgz",
      "integrity": "sha512-0PFarl1nOck6V+vTMycb7b3mrc2ybDkkg3bA8u/8DUyY0/KhYUw3qxCQjxT2c66ferlpOeA05ETgddSmup69fA==",
      "dev": true
    },
    "typescript": {
      "version": "3.4.3",
      "resolved": "https://registry.npmjs.org/typescript/-/typescript-3.4.3.tgz",
      "integrity": "sha512-FFgHdPt4T/duxx6Ndf7hwgMZZjZpB+U0nMNGVCYPq0rEzWKjEDobm4J6yb3CS7naZ0yURFqdw9Gwc7UOh/P9oQ==",
      "dev": true
    }
  }
}
